
Microsoft Visual Studio Solution File, Format Version 12.00
# Visual Studio Version 17
VisualStudioVersion = 17.11.35208.52
MinimumVisualStudioVersion = 10.0.40219.1
Project("{FAE04EC0-301F-11D3-BF4B-00C04F79EFBC}") = "AuthOnlineApp", "AuthOnlineApp.csproj", "{143F4DF9-062A-47CB-8776-74A1A9D1910D}"
EndProject
Global
	GlobalSection(SolutionConfigurationPlatforms) = preSolution
		Debug|Any CPU = Debug|Any CPU
		Release|Any CPU = Release|Any CPU
	EndGlobalSection
	GlobalSection(ProjectConfigurationPlatforms) = postSolution
		{143F4DF9-062A-47CB-8776-74A1A9D1910D}.Debug|Any CPU.ActiveCfg = Debug|Any CPU
		{143F4DF9-062A-47CB-8776-74A1A9D1910D}.Debug|Any CPU.Build.0 = Debug|Any CPU
		{143F4DF9-062A-47CB-8776-74A1A9D1910D}.Release|Any CPU.ActiveCfg = Release|Any CPU
		{143F4DF9-062A-47CB-8776-74A1A9D1910D}.Release|Any CPU.Build.0 = Release|Any CPU
	EndGlobalSection
	GlobalSection(SolutionProperties) = preSolution
		HideSolutionNode = FALSE
	EndGlobalSection
	GlobalSection(ExtensibilityGlobals) = postSolution
		SolutionGuid = {8C6BA2E5-2317-4510-B0A2-D971280AD832}
	EndGlobalSection
EndGlobal
